
Microsoft Visual Studio Solution File, Format Version 12.00
# Visual Studio 15
VisualStudioVersion = 15.0.28307.1209
MinimumVisualStudioVersion = 10.0.40219.1
Project("{FAE04EC0-301F-11D3-BF4B-00C04F79EFBC}") = "csdl", "csdl\csdl.csproj", "{12D2A085-B235-4D4F-8126-76B2B2AF866A}"
EndProject
Global
	GlobalSection(SolutionConfigurationPlatforms) = preSolution
		Debug|Any CPU = Debug|Any CPU
		Release|Any CPU = Release|Any CPU
	EndGlobalSection
	GlobalSection(ProjectConfigurationPlatforms) = postSolution
		{12D2A085-B235-4D4F-8126-76B2B2AF866A}.Debug|Any CPU.ActiveCfg = Debug|Any CPU
		{12D2A085-B235-4D4F-8126-76B2B2AF866A}.Debug|Any CPU.Build.0 = Debug|Any CPU
		{12D2A085-B235-4D4F-8126-76B2B2AF866A}.Release|Any CPU.ActiveCfg = Release|Any CPU
		{12D2A085-B235-4D4F-8126-76B2B2AF866A}.Release|Any CPU.Build.0 = Release|Any CPU
	EndGlobalSection
	GlobalSection(SolutionProperties) = preSolution
		HideSolutionNode = FALSE
	EndGlobalSection
	GlobalSection(ExtensibilityGlobals) = postSolution
		SolutionGuid = {2BBEFD20-AE17-4947-A611-394B1FAC105B}
	EndGlobalSection
EndGlobal
